// !$*UTF8*$!
{
	archiveVersion = 1;
	classes = {
	};
	objectVersion = 48;
	objects = {

/* Begin PBXBuildFile section */
		822BB6A320B310AF00825CB3 /* HomeCollectionViewCell.m in Sources */ = {isa = PBXBuildFile; fileRef = 822BB6A220B310AF00825CB3 /* HomeCollectionViewCell.m */; };
		822BB6A720B3194200825CB3 /* HomeCollectionReusableView.m in Sources */ = {isa = PBXBuildFile; fileRef = 822BB6A520B3194200825CB3 /* HomeCollectionReusableView.m */; };
		822BB6A820B3194200825CB3 /* HomeCollectionReusableView.xib in Resources */ = {isa = PBXBuildFile; fileRef = 822BB6A620B3194200825CB3 /* HomeCollectionReusableView.xib */; };
		8237B4EA20D9218500F27A5A /* CommonModel.m in Sources */ = {isa = PBXBuildFile; fileRef = 8237B4E920D9218500F27A5A /* CommonModel.m */; };
		8237B4ED20D92E0E00F27A5A /* CommonWebViewController.m in Sources */ = {isa = PBXBuildFile; fileRef = 8237B4EC20D92E0E00F27A5A /* CommonWebViewController.m */; };
		826D3F3E1FDBB6C400DBE37C /* MineHeaderView.m in Sources */ = {isa = PBXBuildFile; fileRef = 826D3F3D1FDBB6C400DBE37C /* MineHeaderView.m */; };
		826D3F401FDBB6D200DBE37C /* MineHeaderView.xib in Resources */ = {isa = PBXBuildFile; fileRef = 826D3F3F1FDBB6D200DBE37C /* MineHeaderView.xib */; };
		82B32CC120B306530060EF0D /* MineInfoViewController.m in Sources */ = {isa = PBXBuildFile; fileRef = 82B32CC020B306530060EF0D /* MineInfoViewController.m */; };
		82B32CC420B306680060EF0D /* ContactUsViewController.m in Sources */ = {isa = PBXBuildFile; fileRef = 82B32CC320B306680060EF0D /* ContactUsViewController.m */; };
		82CF00471FD5919500A0FF90 /* AppDelegate.m in Sources */ = {isa = PBXBuildFile; fileRef = 82CF00461FD5919500A0FF90 /* AppDelegate.m */; };
		82CF004A1FD5919500A0FF90 /* ViewController.m in Sources */ = {isa = PBXBuildFile; fileRef = 82CF00491FD5919500A0FF90 /* ViewController.m */; };
		82CF004D1FD5919500A0FF90 /* Main.storyboard in Resources */ = {isa = PBXBuildFile; fileRef = 82CF004B1FD5919500A0FF90 /* Main.storyboard */; };
		82CF004F1FD5919500A0FF90 /* Assets.xcassets in Resources */ = {isa = PBXBuildFile; fileRef = 82CF004E1FD5919500A0FF90 /* Assets.xcassets */; };
		82CF00521FD5919500A0FF90 /* LaunchScreen.storyboard in Resources */ = {isa = PBXBuildFile; fileRef = 82CF00501FD5919500A0FF90 /* LaunchScreen.storyboard */; };
		82CF00551FD5919600A0FF90 /* main.m in Sources */ = {isa = PBXBuildFile; fileRef = 82CF00541FD5919600A0FF90 /* main.m */; };
		82CF005F1FD5954700A0FF90 /* BaseNavigationController.m in Sources */ = {isa = PBXBuildFile; fileRef = 82CF005E1FD5954700A0FF90 /* BaseNavigationController.m */; };
		82CF00631FD5960100A0FF90 /* UIImage+Color.m in Sources */ = {isa = PBXBuildFile; fileRef = 82CF00621FD5960100A0FF90 /* UIImage+Color.m */; };
		82CF00691FD59AC300A0FF90 /* BaseViewController.m in Sources */ = {isa = PBXBuildFile; fileRef = 82CF00681FD59AC300A0FF90 /* BaseViewController.m */; };
		82CF00721FD59B1500A0FF90 /* MineViewController.m in Sources */ = {isa = PBXBuildFile; fileRef = 82CF00711FD59B1500A0FF90 /* MineViewController.m */; };
		82F0D93A207D01B3002B85AE /* AdultViewController.m in Sources */ = {isa = PBXBuildFile; fileRef = 82F0D939207D01B3002B85AE /* AdultViewController.m */; };
		82F0D93D207D0225002B85AE /* HomePageViewController.m in Sources */ = {isa = PBXBuildFile; fileRef = 82F0D93C207D0225002B85AE /* HomePageViewController.m */; };
		82F0D940207D026D002B85AE /* JuvenileViewController.m in Sources */ = {isa = PBXBuildFile; fileRef = 82F0D93F207D026D002B85AE /* JuvenileViewController.m */; };
		82F0D948207D071B002B85AE /* CommonHeaderView.m in Sources */ = {isa = PBXBuildFile; fileRef = 82F0D947207D071B002B85AE /* CommonHeaderView.m */; };
		82F0D94A207D0737002B85AE /* CommonHeaderView.xib in Resources */ = {isa = PBXBuildFile; fileRef = 82F0D949207D0737002B85AE /* CommonHeaderView.xib */; };
		82F0D94E207D0A84002B85AE /* CommonTableViewCell.m in Sources */ = {isa = PBXBuildFile; fileRef = 82F0D94C207D0A84002B85AE /* CommonTableViewCell.m */; };
		82F0D94F207D0A84002B85AE /* CommonTableViewCell.xib in Resources */ = {isa = PBXBuildFile; fileRef = 82F0D94D207D0A84002B85AE /* CommonTableViewCell.xib */; };
		E3036F4A02A01D759B8AF632 /* libPods-AnyTimeLoan.a in Frameworks */ = {isa = PBXBuildFile; fileRef = C4A7FFBF8475F6F78CEB6805 /* libPods-AnyTimeLoan.a */; };
/* End PBXBuildFile section */

/* Begin PBXFileReference section */
		65D17EC557F7784C53E395C0 /* Pods-AnyTimeLoan.release.xcconfig */ = {isa = PBXFileReference; includeInIndex = 1; lastKnownFileType = text.xcconfig; name = "Pods-AnyTimeLoan.release.xcconfig"; path = "Pods/Target Support Files/Pods-AnyTimeLoan/Pods-AnyTimeLoan.release.xcconfig"; sourceTree = "<group>"; };
		822BB6A120B310AF00825CB3 /* HomeCollectionViewCell.h */ = {isa = PBXFileReference; lastKnownFileType = sourcecode.c.h; path = HomeCollectionViewCell.h; sourceTree = "<group>"; };
		822BB6A220B310AF00825CB3 /* HomeCollectionViewCell.m */ = {isa = PBXFileReference; lastKnownFileType = sourcecode.c.objc; path = HomeCollectionViewCell.m; sourceTree = "<group>"; };
		822BB6A420B3194200825CB3 /* HomeCollectionReusableView.h */ = {isa = PBXFileReference; lastKnownFileType = sourcecode.c.h; path = HomeCollectionReusableView.h; sourceTree = "<group>"; };
		822BB6A520B3194200825CB3 /* HomeCollectionReusableView.m */ = {isa = PBXFileReference; lastKnownFileType = sourcecode.c.objc; path = HomeCollectionReusableView.m; sourceTree = "<group>"; };
		822BB6A620B3194200825CB3 /* HomeCollectionReusableView.xib */ = {isa = PBXFileReference; lastKnownFileType = file.xib; path = HomeCollectionReusableView.xib; sourceTree = "<group>"; };
		8237B4E820D9218500F27A5A /* CommonModel.h */ = {isa = PBXFileReference; lastKnownFileType = sourcecode.c.h; path = CommonModel.h; sourceTree = "<group>"; };
		8237B4E920D9218500F27A5A /* CommonModel.m */ = {isa = PBXFileReference; lastKnownFileType = sourcecode.c.objc; path = CommonModel.m; sourceTree = "<group>"; };
		8237B4EB20D92E0E00F27A5A /* CommonWebViewController.h */ = {isa = PBXFileReference; lastKnownFileType = sourcecode.c.h; path = CommonWebViewController.h; sourceTree = "<group>"; };
		8237B4EC20D92E0E00F27A5A /* CommonWebViewController.m */ = {isa = PBXFileReference; lastKnownFileType = sourcecode.c.objc; path = CommonWebViewController.m; sourceTree = "<group>"; };
		826D3F3B1FDBB48300DBE37C /* AnyTimeLoan.pch */ = {isa = PBXFileReference; lastKnownFileType = sourcecode.c.h; path = AnyTimeLoan.pch; sourceTree = "<group>"; };
		826D3F3C1FDBB6C400DBE37C /* MineHeaderView.h */ = {isa = PBXFileReference; lastKnownFileType = sourcecode.c.h; path = MineHeaderView.h; sourceTree = "<group>"; };
		826D3F3D1FDBB6C400DBE37C /* MineHeaderView.m */ = {isa = PBXFileReference; lastKnownFileType = sourcecode.c.objc; path = MineHeaderView.m; sourceTree = "<group>"; };
		826D3F3F1FDBB6D200DBE37C /* MineHeaderView.xib */ = {isa = PBXFileReference; lastKnownFileType = file.xib; path = MineHeaderView.xib; sourceTree = "<group>"; };
		82B32CBF20B306530060EF0D /* MineInfoViewController.h */ = {isa = PBXFileReference; lastKnownFileType = sourcecode.c.h; path = MineInfoViewController.h; sourceTree = "<group>"; };
		82B32CC020B306530060EF0D /* MineInfoViewController.m */ = {isa = PBXFileReference; lastKnownFileType = sourcecode.c.objc; path = MineInfoViewController.m; sourceTree = "<group>"; };
		82B32CC220B306680060EF0D /* ContactUsViewController.h */ = {isa = PBXFileReference; lastKnownFileType = sourcecode.c.h; path = ContactUsViewController.h; sourceTree = "<group>"; };
		82B32CC320B306680060EF0D /* ContactUsViewController.m */ = {isa = PBXFileReference; lastKnownFileType = sourcecode.c.objc; path = ContactUsViewController.m; sourceTree = "<group>"; };
		82CF00421FD5919500A0FF90 /* AnyTimeLoan.app */ = {isa = PBXFileReference; explicitFileType = wrapper.application; includeInIndex = 0; path = AnyTimeLoan.app; sourceTree = BUILT_PRODUCTS_DIR; };
		82CF00451FD5919500A0FF90 /* AppDelegate.h */ = {isa = PBXFileReference; lastKnownFileType = sourcecode.c.h; path = AppDelegate.h; sourceTree = "<group>"; };
		82CF00461FD5919500A0FF90 /* AppDelegate.m */ = {isa = PBXFileReference; lastKnownFileType = sourcecode.c.objc; path = AppDelegate.m; sourceTree = "<group>"; };
		82CF00481FD5919500A0FF90 /* ViewController.h */ = {isa = PBXFileReference; lastKnownFileType = sourcecode.c.h; path = ViewController.h; sourceTree = "<group>"; };
		82CF00491FD5919500A0FF90 /* ViewController.m */ = {isa = PBXFileReference; lastKnownFileType = sourcecode.c.objc; path = ViewController.m; sourceTree = "<group>"; };
		82CF004C1FD5919500A0FF90 /* Base */ = {isa = PBXFileReference; lastKnownFileType = file.storyboard; name = Base; path = Base.lproj/Main.storyboard; sourceTree = "<group>"; };
		82CF004E1FD5919500A0FF90 /* Assets.xcassets */ = {isa = PBXFileReference; lastKnownFileType = folder.assetcatalog; path = Assets.xcassets; sourceTree = "<group>"; };
		82CF00511FD5919500A0FF90 /* Base */ = {isa = PBXFileReference; lastKnownFileType = file.storyboard; name = Base; path = Base.lproj/LaunchScreen.storyboard; sourceTree = "<group>"; };
		82CF00531FD5919600A0FF90 /* Info.plist */ = {isa = PBXFileReference; lastKnownFileType = text.plist.xml; path = Info.plist; sourceTree = "<group>"; };
		82CF00541FD5919600A0FF90 /* main.m */ = {isa = PBXFileReference; lastKnownFileType = sourcecode.c.objc; path = main.m; sourceTree = "<group>"; };
		82CF005D1FD5954700A0FF90 /* BaseNavigationController.h */ = {isa = PBXFileReference; lastKnownFileType = sourcecode.c.h; path = BaseNavigationController.h; sourceTree = "<group>"; };
		82CF005E1FD5954700A0FF90 /* BaseNavigationController.m */ = {isa = PBXFileReference; lastKnownFileType = sourcecode.c.objc; path = BaseNavigationController.m; sourceTree = "<group>"; };
		82CF00611FD5960100A0FF90 /* UIImage+Color.h */ = {isa = PBXFileReference; lastKnownFileType = sourcecode.c.h; path = "UIImage+Color.h"; sourceTree = "<group>"; };
		82CF00621FD5960100A0FF90 /* UIImage+Color.m */ = {isa = PBXFileReference; lastKnownFileType = sourcecode.c.objc; path = "UIImage+Color.m"; sourceTree = "<group>"; };
		82CF00671FD59AC300A0FF90 /* BaseViewController.h */ = {isa = PBXFileReference; lastKnownFileType = sourcecode.c.h; path = BaseViewController.h; sourceTree = "<group>"; };
		82CF00681FD59AC300A0FF90 /* BaseViewController.m */ = {isa = PBXFileReference; lastKnownFileType = sourcecode.c.objc; path = BaseViewController.m; sourceTree = "<group>"; };
		82CF00701FD59B1500A0FF90 /* MineViewController.h */ = {isa = PBXFileReference; lastKnownFileType = sourcecode.c.h; path = MineViewController.h; sourceTree = "<group>"; };
		82CF00711FD59B1500A0FF90 /* MineViewController.m */ = {isa = PBXFileReference; lastKnownFileType = sourcecode.c.objc; path = MineViewController.m; sourceTree = "<group>"; };
		82F0D938207D01B3002B85AE /* AdultViewController.h */ = {isa = PBXFileReference; lastKnownFileType = sourcecode.c.h; path = AdultViewController.h; sourceTree = "<group>"; };
		82F0D939207D01B3002B85AE /* AdultViewController.m */ = {isa = PBXFileReference; lastKnownFileType = sourcecode.c.objc; path = AdultViewController.m; sourceTree = "<group>"; };
		82F0D93B207D0225002B85AE /* HomePageViewController.h */ = {isa = PBXFileReference; lastKnownFileType = sourcecode.c.h; path = HomePageViewController.h; sourceTree = "<group>"; };
		82F0D93C207D0225002B85AE /* HomePageViewController.m */ = {isa = PBXFileReference; lastKnownFileType = sourcecode.c.objc; path = HomePageViewController.m; sourceTree = "<group>"; };
		82F0D93E207D026D002B85AE /* JuvenileViewController.h */ = {isa = PBXFileReference; lastKnownFileType = sourcecode.c.h; path = JuvenileViewController.h; sourceTree = "<group>"; };
		82F0D93F207D026D002B85AE /* JuvenileViewController.m */ = {isa = PBXFileReference; lastKnownFileType = sourcecode.c.objc; path = JuvenileViewController.m; sourceTree = "<group>"; };
		82F0D946207D071B002B85AE /* CommonHeaderView.h */ = {isa = PBXFileReference; lastKnownFileType = sourcecode.c.h; path = CommonHeaderView.h; sourceTree = "<group>"; };
		82F0D947207D071B002B85AE /* CommonHeaderView.m */ = {isa = PBXFileReference; lastKnownFileType = sourcecode.c.objc; path = CommonHeaderView.m; sourceTree = "<group>"; };
		82F0D949207D0737002B85AE /* CommonHeaderView.xib */ = {isa = PBXFileReference; lastKnownFileType = file.xib; path = CommonHeaderView.xib; sourceTree = "<group>"; };
		82F0D94B207D0A84002B85AE /* CommonTableViewCell.h */ = {isa = PBXFileReference; lastKnownFileType = sourcecode.c.h; path = CommonTableViewCell.h; sourceTree = "<group>"; };
		82F0D94C207D0A84002B85AE /* CommonTableViewCell.m */ = {isa = PBXFileReference; lastKnownFileType = sourcecode.c.objc; path = CommonTableViewCell.m; sourceTree = "<group>"; };
		82F0D94D207D0A84002B85AE /* CommonTableViewCell.xib */ = {isa = PBXFileReference; lastKnownFileType = file.xib; path = CommonTableViewCell.xib; sourceTree = "<group>"; };
		A4726A26F1B016CFD157A84B /* Pods-AnyTimeLoan.debug.xcconfig */ = {isa = PBXFileReference; includeInIndex = 1; lastKnownFileType = text.xcconfig; name = "Pods-AnyTimeLoan.debug.xcconfig"; path = "Pods/Target Support Files/Pods-AnyTimeLoan/Pods-AnyTimeLoan.debug.xcconfig"; sourceTree = "<group>"; };
		C4A7FFBF8475F6F78CEB6805 /* libPods-AnyTimeLoan.a */ = {isa = PBXFileReference; explicitFileType = archive.ar; includeInIndex = 0; path = "libPods-AnyTimeLoan.a"; sourceTree = BUILT_PRODUCTS_DIR; };
/* End PBXFileReference section */

/* Begin PBXFrameworksBuildPhase section */
		82CF003F1FD5919500A0FF90 /* Frameworks */ = {
			isa = PBXFrameworksBuildPhase;
			buildActionMask = 2147483647;
			files = (
				E3036F4A02A01D759B8AF632 /* libPods-AnyTimeLoan.a in Frameworks */,
			);
			runOnlyForDeploymentPostprocessing = 0;
		};
/* End PBXFrameworksBuildPhase section */

/* Begin PBXGroup section */
		462448866C39EE8DB11B01B9 /* Frameworks */ = {
			isa = PBXGroup;
			children = (
				C4A7FFBF8475F6F78CEB6805 /* libPods-AnyTimeLoan.a */,
			);
			name = Frameworks;
			sourceTree = "<group>";
		};
		805DF77BDC73E5D36A446909 /* Pods */ = {
			isa = PBXGroup;
			children = (
				A4726A26F1B016CFD157A84B /* Pods-AnyTimeLoan.debug.xcconfig */,
				65D17EC557F7784C53E395C0 /* Pods-AnyTimeLoan.release.xcconfig */,
			);
			name = Pods;
			sourceTree = "<group>";
		};
		8237B4E720D9215000F27A5A /* Model */ = {
			isa = PBXGroup;
			children = (
				8237B4E820D9218500F27A5A /* CommonModel.h */,
				8237B4E920D9218500F27A5A /* CommonModel.m */,
			);
			path = Model;
			sourceTree = "<group>";
		};
		82B32CBD20B305DF0060EF0D /* 3.1MineInfoViewController */ = {
			isa = PBXGroup;
			children = (
				82B32CBF20B306530060EF0D /* MineInfoViewController.h */,
				82B32CC020B306530060EF0D /* MineInfoViewController.m */,
			);
			path = 3.1MineInfoViewController;
			sourceTree = "<group>";
		};
		82B32CBE20B305FF0060EF0D /* 3.2ContactUsViewController */ = {
			isa = PBXGroup;
			children = (
				82B32CC220B306680060EF0D /* ContactUsViewController.h */,
				82B32CC320B306680060EF0D /* ContactUsViewController.m */,
			);
			path = 3.2ContactUsViewController;
			sourceTree = "<group>";
		};
		82CF00391FD5919500A0FF90 = {
			isa = PBXGroup;
			children = (
				82CF00441FD5919500A0FF90 /* AnyTimeLoan */,
				82CF00431FD5919500A0FF90 /* Products */,
				805DF77BDC73E5D36A446909 /* Pods */,
				462448866C39EE8DB11B01B9 /* Frameworks */,
			);
			sourceTree = "<group>";
		};
		82CF00431FD5919500A0FF90 /* Products */ = {
			isa = PBXGroup;
			children = (
				82CF00421FD5919500A0FF90 /* AnyTimeLoan.app */,
			);
			name = Products;
			sourceTree = "<group>";
		};
		82CF00441FD5919500A0FF90 /* AnyTimeLoan */ = {
			isa = PBXGroup;
			children = (
				82CF00641FD59A5400A0FF90 /* 0.HomePage */,
				82CF00651FD59A6300A0FF90 /* 1.Juvenile */,
				82F0D937207CFFBB002B85AE /* 2.Adult */,
				82CF00661FD59A8300A0FF90 /* 3.Mine */,
				82CF00601FD595D700A0FF90 /* Category */,
				82CF005B1FD5950D00A0FF90 /* Base */,
				82F0D941207D069C002B85AE /* Common */,
				82CF00451FD5919500A0FF90 /* AppDelegate.h */,
				82CF00461FD5919500A0FF90 /* AppDelegate.m */,
				82CF00481FD5919500A0FF90 /* ViewController.h */,
				82CF00491FD5919500A0FF90 /* ViewController.m */,
				82CF004B1FD5919500A0FF90 /* Main.storyboard */,
				82CF004E1FD5919500A0FF90 /* Assets.xcassets */,
				82CF00501FD5919500A0FF90 /* LaunchScreen.storyboard */,
				82CF00531FD5919600A0FF90 /* Info.plist */,
				82CF00541FD5919600A0FF90 /* main.m */,
				826D3F3B1FDBB48300DBE37C /* AnyTimeLoan.pch */,
			);
			path = AnyTimeLoan;
			sourceTree = "<group>";
		};
		82CF005B1FD5950D00A0FF90 /* Base */ = {
			isa = PBXGroup;
			children = (
				82CF005C1FD5951B00A0FF90 /* Controller */,
			);
			path = Base;
			sourceTree = "<group>";
		};
		82CF005C1FD5951B00A0FF90 /* Controller */ = {
			isa = PBXGroup;
			children = (
				82CF005D1FD5954700A0FF90 /* BaseNavigationController.h */,
				82CF005E1FD5954700A0FF90 /* BaseNavigationController.m */,
				82CF00671FD59AC300A0FF90 /* BaseViewController.h */,
				82CF00681FD59AC300A0FF90 /* BaseViewController.m */,
			);
			path = Controller;
			sourceTree = "<group>";
		};
		82CF00601FD595D700A0FF90 /* Category */ = {
			isa = PBXGroup;
			children = (
				82CF00611FD5960100A0FF90 /* UIImage+Color.h */,
				82CF00621FD5960100A0FF90 /* UIImage+Color.m */,
			);
			path = Category;
			sourceTree = "<group>";
		};
		82CF00641FD59A5400A0FF90 /* 0.HomePage */ = {
			isa = PBXGroup;
			children = (
				82F0D93B207D0225002B85AE /* HomePageViewController.h */,
				82F0D93C207D0225002B85AE /* HomePageViewController.m */,
				822BB6A120B310AF00825CB3 /* HomeCollectionViewCell.h */,
				822BB6A220B310AF00825CB3 /* HomeCollectionViewCell.m */,
				822BB6A420B3194200825CB3 /* HomeCollectionReusableView.h */,
				822BB6A520B3194200825CB3 /* HomeCollectionReusableView.m */,
				822BB6A620B3194200825CB3 /* HomeCollectionReusableView.xib */,
			);
			path = 0.HomePage;
			sourceTree = "<group>";
		};
		82CF00651FD59A6300A0FF90 /* 1.Juvenile */ = {
			isa = PBXGroup;
			children = (
				82F0D93E207D026D002B85AE /* JuvenileViewController.h */,
				82F0D93F207D026D002B85AE /* JuvenileViewController.m */,
			);
			path = 1.Juvenile;
			sourceTree = "<group>";
		};
		82CF00661FD59A8300A0FF90 /* 3.Mine */ = {
			isa = PBXGroup;
			children = (
				82B32CBD20B305DF0060EF0D /* 3.1MineInfoViewController */,
				82B32CBE20B305FF0060EF0D /* 3.2ContactUsViewController */,
				82CF00701FD59B1500A0FF90 /* MineViewController.h */,
				82CF00711FD59B1500A0FF90 /* MineViewController.m */,
				826D3F3C1FDBB6C400DBE37C /* MineHeaderView.h */,
				826D3F3D1FDBB6C400DBE37C /* MineHeaderView.m */,
				826D3F3F1FDBB6D200DBE37C /* MineHeaderView.xib */,
			);
			path = 3.Mine;
			sourceTree = "<group>";
		};
		82F0D937207CFFBB002B85AE /* 2.Adult */ = {
			isa = PBXGroup;
			children = (
				82F0D938207D01B3002B85AE /* AdultViewController.h */,
				82F0D939207D01B3002B85AE /* AdultViewController.m */,
			);
			path = 2.Adult;
			sourceTree = "<group>";
		};
		82F0D941207D069C002B85AE /* Common */ = {
			isa = PBXGroup;
			children = (
				8237B4EB20D92E0E00F27A5A /* CommonWebViewController.h */,
				8237B4EC20D92E0E00F27A5A /* CommonWebViewController.m */,
				8237B4E720D9215000F27A5A /* Model */,
				82F0D942207D06B7002B85AE /* View */,
			);
			path = Common;
			sourceTree = "<group>";
		};
		82F0D942207D06B7002B85AE /* View */ = {
			isa = PBXGroup;
			children = (
				82F0D946207D071B002B85AE /* CommonHeaderView.h */,
				82F0D947207D071B002B85AE /* CommonHeaderView.m */,
				82F0D949207D0737002B85AE /* CommonHeaderView.xib */,
				82F0D94B207D0A84002B85AE /* CommonTableViewCell.h */,
				82F0D94C207D0A84002B85AE /* CommonTableViewCell.m */,
				82F0D94D207D0A84002B85AE /* CommonTableViewCell.xib */,
			);
			path = View;
			sourceTree = "<group>";
		};
/* End PBXGroup section */

/* Begin PBXNativeTarget section */
		82CF00411FD5919500A0FF90 /* AnyTimeLoan */ = {
			isa = PBXNativeTarget;
			buildConfigurationList = 82CF00581FD5919600A0FF90 /* Build configuration list for PBXNativeTarget "AnyTimeLoan" */;
			buildPhases = (
				2F7123BB6EAE0CBCB1BF59B0 /* [CP] Check Pods Manifest.lock */,
				82CF003E1FD5919500A0FF90 /* Sources */,
				82CF003F1FD5919500A0FF90 /* Frameworks */,
				82CF00401FD5919500A0FF90 /* Resources */,
				4BF4E26069BF7E1170700322 /* [CP] Embed Pods Frameworks */,
				213ED89D51EB028BD27FF259 /* [CP] Copy Pods Resources */,
			);
			buildRules = (
			);
			dependencies = (
			);
			name = AnyTimeLoan;
			productName = AnyTimeLoan;
			productReference = 82CF00421FD5919500A0FF90 /* AnyTimeLoan.app */;
			productType = "com.apple.product-type.application";
		};
/* End PBXNativeTarget section */

/* Begin PBXProject section */
		82CF003A1FD5919500A0FF90 /* Project object */ = {
			isa = PBXProject;
			attributes = {
				LastUpgradeCheck = 0910;
				ORGANIZATIONNAME = "张晓龙";
				TargetAttributes = {
					82CF00411FD5919500A0FF90 = {
						CreatedOnToolsVersion = 9.1;
						ProvisioningStyle = Automatic;
					};
				};
			};
			buildConfigurationList = 82CF003D1FD5919500A0FF90 /* Build configuration list for PBXProject "AnyTimeLoan" */;
			compatibilityVersion = "Xcode 8.0";
			developmentRegion = en;
			hasScannedForEncodings = 0;
			knownRegions = (
				en,
				Base,
			);
			mainGroup = 82CF00391FD5919500A0FF90;
			productRefGroup = 82CF00431FD5919500A0FF90 /* Products */;
			projectDirPath = "";
			projectRoot = "";
			targets = (
				82CF00411FD5919500A0FF90 /* AnyTimeLoan */,
			);
		};
/* End PBXProject section */

/* Begin PBXResourcesBuildPhase section */
		82CF00401FD5919500A0FF90 /* Resources */ = {
			isa = PBXResourcesBuildPhase;
			buildActionMask = 2147483647;
			files = (
				82F0D94F207D0A84002B85AE /* CommonTableViewCell.xib in Resources */,
				826D3F401FDBB6D200DBE37C /* MineHeaderView.xib in Resources */,
				82CF00521FD5919500A0FF90 /* LaunchScreen.storyboard in Resources */,
				822BB6A820B3194200825CB3 /* HomeCollectionReusableView.xib in Resources */,
				82F0D94A207D0737002B85AE /* CommonHeaderView.xib in Resources */,
				82CF004F1FD5919500A0FF90 /* Assets.xcassets in Resources */,
				82CF004D1FD5919500A0FF90 /* Main.storyboard in Resources */,
			);
			runOnlyForDeploymentPostprocessing = 0;
		};
/* End PBXResourcesBuildPhase section */

/* Begin PBXShellScriptBuildPhase section */
		213ED89D51EB028BD27FF259 /* [CP] Copy Pods Resources */ = {
			isa = PBXShellScriptBuildPhase;
			buildActionMask = 2147483647;
			files = (
			);
			inputPaths = (
			);
			name = "[CP] Copy Pods Resources";
			outputPaths = (
			);
			runOnlyForDeploymentPostprocessing = 0;
			shellPath = /bin/sh;
			shellScript = "\"${SRCROOT}/Pods/Target Support Files/Pods-AnyTimeLoan/Pods-AnyTimeLoan-resources.sh\"\n";
			showEnvVarsInLog = 0;
		};
		2F7123BB6EAE0CBCB1BF59B0 /* [CP] Check Pods Manifest.lock */ = {
			isa = PBXShellScriptBuildPhase;
			buildActionMask = 2147483647;
			files = (
			);
			inputPaths = (
				"${PODS_PODFILE_DIR_PATH}/Podfile.lock",
				"${PODS_ROOT}/Manifest.lock",
			);
			name = "[CP] Check Pods Manifest.lock";
			outputPaths = (
				"$(DERIVED_FILE_DIR)/Pods-AnyTimeLoan-checkManifestLockResult.txt",
			);
			runOnlyForDeploymentPostprocessing = 0;
			shellPath = /bin/sh;
			shellScript = "diff \"${PODS_PODFILE_DIR_PATH}/Podfile.lock\" \"${PODS_ROOT}/Manifest.lock\" > /dev/null\nif [ $? != 0 ] ; then\n    # print error to STDERR\n    echo \"error: The sandbox is not in sync with the Podfile.lock. Run 'pod install' or update your CocoaPods installation.\" >&2\n    exit 1\nfi\n# This output is used by Xcode 'outputs' to avoid re-running this script phase.\necho \"SUCCESS\" > \"${SCRIPT_OUTPUT_FILE_0}\"\n";
			showEnvVarsInLog = 0;
		};
		4BF4E26069BF7E1170700322 /* [CP] Embed Pods Frameworks */ = {
			isa = PBXShellScriptBuildPhase;
			buildActionMask = 2147483647;
			files = (
			);
			inputPaths = (
			);
			name = "[CP] Embed Pods Frameworks";
			outputPaths = (
			);
			runOnlyForDeploymentPostprocessing = 0;
			shellPath = /bin/sh;
			shellScript = "\"${SRCROOT}/Pods/Target Support Files/Pods-AnyTimeLoan/Pods-AnyTimeLoan-frameworks.sh\"\n";
			showEnvVarsInLog = 0;
		};
/* End PBXShellScriptBuildPhase section */

/* Begin PBXSourcesBuildPhase section */
		82CF003E1FD5919500A0FF90 /* Sources */ = {
			isa = PBXSourcesBuildPhase;
			buildActionMask = 2147483647;
			files = (
				82B32CC420B306680060EF0D /* ContactUsViewController.m in Sources */,
				82CF005F1FD5954700A0FF90 /* BaseNavigationController.m in Sources */,
				822BB6A320B310AF00825CB3 /* HomeCollectionViewCell.m in Sources */,
				82B32CC120B306530060EF0D /* MineInfoViewController.m in Sources */,
				82F0D93A207D01B3002B85AE /* AdultViewController.m in Sources */,
				8237B4ED20D92E0E00F27A5A /* CommonWebViewController.m in Sources */,
				82CF00691FD59AC300A0FF90 /* BaseViewController.m in Sources */,
				82F0D94E207D0A84002B85AE /* CommonTableViewCell.m in Sources */,
				8237B4EA20D9218500F27A5A /* CommonModel.m in Sources */,
				82F0D948207D071B002B85AE /* CommonHeaderView.m in Sources */,
				82CF00721FD59B1500A0FF90 /* MineViewController.m in Sources */,
				82CF004A1FD5919500A0FF90 /* ViewController.m in Sources */,
				82F0D93D207D0225002B85AE /* HomePageViewController.m in Sources */,
				826D3F3E1FDBB6C400DBE37C /* MineHeaderView.m in Sources */,
				82F0D940207D026D002B85AE /* JuvenileViewController.m in Sources */,
				82CF00631FD5960100A0FF90 /* UIImage+Color.m in Sources */,
				822BB6A720B3194200825CB3 /* HomeCollectionReusableView.m in Sources */,
				82CF00551FD5919600A0FF90 /* main.m in Sources */,
				82CF00471FD5919500A0FF90 /* AppDelegate.m in Sources */,
			);
			runOnlyForDeploymentPostprocessing = 0;
		};
/* End PBXSourcesBuildPhase section */

/* Begin PBXVariantGroup section */
		82CF004B1FD5919500A0FF90 /* Main.storyboard */ = {
			isa = PBXVariantGroup;
			children = (
				82CF004C1FD5919500A0FF90 /* Base */,
			);
			name = Main.storyboard;
			sourceTree = "<group>";
		};
		82CF00501FD5919500A0FF90 /* LaunchScreen.storyboard */ = {
			isa = PBXVariantGroup;
			children = (
				82CF00511FD5919500A0FF90 /* Base */,
			);
			name = LaunchScreen.storyboard;
			sourceTree = "<group>";
		};
/* End PBXVariantGroup section */

/* Begin XCBuildConfiguration section */
		82CF00561FD5919600A0FF90 /* Debug */ = {
			isa = XCBuildConfiguration;
			buildSettings = {
				ALWAYS_SEARCH_USER_PATHS = NO;
				CLANG_ANALYZER_NONNULL = YES;
				CLANG_ANALYZER_NUMBER_OBJECT_CONVERSION = YES_AGGRESSIVE;
				CLANG_CXX_LANGUAGE_STANDARD = "gnu++14";
				CLANG_CXX_LIBRARY = "libc++";
				CLANG_ENABLE_MODULES = YES;
				CLANG_ENABLE_OBJC_ARC = YES;
				CLANG_WARN_BLOCK_CAPTURE_AUTORELEASING = YES;
				CLANG_WARN_BOOL_CONVERSION = YES;
				CLANG_WARN_COMMA = YES;
				CLANG_WARN_CONSTANT_CONVERSION = YES;
				CLANG_WARN_DIRECT_OBJC_ISA_USAGE = YES_ERROR;
				CLANG_WARN_DOCUMENTATION_COMMENTS = YES;
				CLANG_WARN_EMPTY_BODY = YES;
				CLANG_WARN_ENUM_CONVERSION = YES;
				CLANG_WARN_INFINITE_RECURSION = YES;
				CLANG_WARN_INT_CONVERSION = YES;
				CLANG_WARN_NON_LITERAL_NULL_CONVERSION = YES;
				CLANG_WARN_OBJC_LITERAL_CONVERSION = YES;
				CLANG_WARN_OBJC_ROOT_CLASS = YES_ERROR;
				CLANG_WARN_RANGE_LOOP_ANALYSIS = YES;
				CLANG_WARN_STRICT_PROTOTYPES = YES;
				CLANG_WARN_SUSPICIOUS_MOVE = YES;
				CLANG_WARN_UNGUARDED_AVAILABILITY = YES_AGGRESSIVE;
				CLANG_WARN_UNREACHABLE_CODE = YES;
				CLANG_WARN__DUPLICATE_METHOD_MATCH = YES;
				CODE_SIGN_IDENTITY = "iPhone Developer";
				COPY_PHASE_STRIP = NO;
				DEBUG_INFORMATION_FORMAT = dwarf;
				ENABLE_STRICT_OBJC_MSGSEND = YES;
				ENABLE_TESTABILITY = YES;
				GCC_C_LANGUAGE_STANDARD = gnu11;
				GCC_DYNAMIC_NO_PIC = NO;
				GCC_NO_COMMON_BLOCKS = YES;
				GCC_OPTIMIZATION_LEVEL = 0;
				GCC_PREPROCESSOR_DEFINITIONS = (
					"DEBUG=1",
					"$(inherited)",
				);
				GCC_WARN_64_TO_32_BIT_CONVERSION = YES;
				GCC_WARN_ABOUT_RETURN_TYPE = YES_ERROR;
				GCC_WARN_UNDECLARED_SELECTOR = YES;
				GCC_WARN_UNINITIALIZED_AUTOS = YES_AGGRESSIVE;
				GCC_WARN_UNUSED_FUNCTION = YES;
				GCC_WARN_UNUSED_VARIABLE = YES;
				IPHONEOS_DEPLOYMENT_TARGET = 11.1;
				MTL_ENABLE_DEBUG_INFO = YES;
				ONLY_ACTIVE_ARCH = YES;
				SDKROOT = iphoneos;
			};
			name = Debug;
		};
		82CF00571FD5919600A0FF90 /* Release */ = {
			isa = XCBuildConfiguration;
			buildSettings = {
				ALWAYS_SEARCH_USER_PATHS = NO;
				CLANG_ANALYZER_NONNULL = YES;
				CLANG_ANALYZER_NUMBER_OBJECT_CONVERSION = YES_AGGRESSIVE;
				CLANG_CXX_LANGUAGE_STANDARD = "gnu++14";
				CLANG_CXX_LIBRARY = "libc++";
				CLANG_ENABLE_MODULES = YES;
				CLANG_ENABLE_OBJC_ARC = YES;
				CLANG_WARN_BLOCK_CAPTURE_AUTORELEASING = YES;
				CLANG_WARN_BOOL_CONVERSION = YES;
				CLANG_WARN_COMMA = YES;
				CLANG_WARN_CONSTANT_CONVERSION = YES;
				CLANG_WARN_DIRECT_OBJC_ISA_USAGE = YES_ERROR;
				CLANG_WARN_DOCUMENTATION_COMMENTS = YES;
				CLANG_WARN_EMPTY_BODY = YES;
				CLANG_WARN_ENUM_CONVERSION = YES;
				CLANG_WARN_INFINITE_RECURSION = YES;
				CLANG_WARN_INT_CONVERSION = YES;
				CLANG_WARN_NON_LITERAL_NULL_CONVERSION = YES;
				CLANG_WARN_OBJC_LITERAL_CONVERSION = YES;
				CLANG_WARN_OBJC_ROOT_CLASS = YES_ERROR;
				CLANG_WARN_RANGE_LOOP_ANALYSIS = YES;
				CLANG_WARN_STRICT_PROTOTYPES = YES;
				CLANG_WARN_SUSPICIOUS_MOVE = YES;
				CLANG_WARN_UNGUARDED_AVAILABILITY = YES_AGGRESSIVE;
				CLANG_WARN_UNREACHABLE_CODE = YES;
				CLANG_WARN__DUPLICATE_METHOD_MATCH = YES;
				CODE_SIGN_IDENTITY = "iPhone Developer";
				COPY_PHASE_STRIP = NO;
				DEBUG_INFORMATION_FORMAT = "dwarf-with-dsym";
				ENABLE_NS_ASSERTIONS = NO;
				ENABLE_STRICT_OBJC_MSGSEND = YES;
				GCC_C_LANGUAGE_STANDARD = gnu11;
				GCC_NO_COMMON_BLOCKS = YES;
				GCC_WARN_64_TO_32_BIT_CONVERSION = YES;
				GCC_WARN_ABOUT_RETURN_TYPE = YES_ERROR;
				GCC_WARN_UNDECLARED_SELECTOR = YES;
				GCC_WARN_UNINITIALIZED_AUTOS = YES_AGGRESSIVE;
				GCC_WARN_UNUSED_FUNCTION = YES;
				GCC_WARN_UNUSED_VARIABLE = YES;
				IPHONEOS_DEPLOYMENT_TARGET = 11.1;
				MTL_ENABLE_DEBUG_INFO = NO;
				SDKROOT = iphoneos;
				VALIDATE_PRODUCT = YES;
			};
			name = Release;
		};
		82CF00591FD5919600A0FF90 /* Debug */ = {
			isa = XCBuildConfiguration;
			baseConfigurationReference = A4726A26F1B016CFD157A84B /* Pods-AnyTimeLoan.debug.xcconfig */;
			buildSettings = {
				ASSETCATALOG_COMPILER_APPICON_NAME = AppIcon;
				CODE_SIGN_IDENTITY = "iPhone Developer";
				CODE_SIGN_STYLE = Automatic;
				DEVELOPMENT_TEAM = 9P6PKC4B4H;
				GCC_PREFIX_HEADER = "$(SRCROOT)/AnyTimeLoan/AnyTimeLoan.pch";
				INFOPLIST_FILE = AnyTimeLoan/Info.plist;
				IPHONEOS_DEPLOYMENT_TARGET = 9.0;
				LD_RUNPATH_SEARCH_PATHS = "$(inherited) @executable_path/Frameworks";
				PRODUCT_BUNDLE_IDENTIFIER = test;
				PRODUCT_NAME = "$(TARGET_NAME)";
				PROVISIONING_PROFILE = "";
				PROVISIONING_PROFILE_SPECIFIER = "";
				TARGETED_DEVICE_FAMILY = 1;
			};
			name = Debug;
		};
		82CF005A1FD5919600A0FF90 /* Release */ = {
			isa = XCBuildConfiguration;
			baseConfigurationReference = 65D17EC557F7784C53E395C0 /* Pods-AnyTimeLoan.release.xcconfig */;
			buildSettings = {
				ASSETCATALOG_COMPILER_APPICON_NAME = AppIcon;
				CODE_SIGN_IDENTITY = "iPhone Developer";
				CODE_SIGN_STYLE = Automatic;
				DEVELOPMENT_TEAM = 9P6PKC4B4H;
				GCC_PREFIX_HEADER = "$(SRCROOT)/AnyTimeLoan/AnyTimeLoan.pch";
				INFOPLIST_FILE = AnyTimeLoan/Info.plist;
				IPHONEOS_DEPLOYMENT_TARGET = 9.0;
				LD_RUNPATH_SEARCH_PATHS = "$(inherited) @executable_path/Frameworks";
				PRODUCT_BUNDLE_IDENTIFIER = test;
				PRODUCT_NAME = "$(TARGET_NAME)";
				PROVISIONING_PROFILE = "";
				PROVISIONING_PROFILE_SPECIFIER = "";
				TARGETED_DEVICE_FAMILY = 1;
			};
			name = Release;
		};
/* End XCBuildConfiguration section */

/* Begin XCConfigurationList section */
		82CF003D1FD5919500A0FF90 /* Build configuration list for PBXProject "AnyTimeLoan" */ = {
			isa = XCConfigurationList;
			buildConfigurations = (
				82CF00561FD5919600A0FF90 /* Debug */,
				82CF00571FD5919600A0FF90 /* Release */,
			);
			defaultConfigurationIsVisible = 0;
			defaultConfigurationName = Release;
		};
		82CF00581FD5919600A0FF90 /* Build configuration list for PBXNativeTarget "AnyTimeLoan" */ = {
			isa = XCConfigurationList;
			buildConfigurations = (
				82CF00591FD5919600A0FF90 /* Debug */,
				82CF005A1FD5919600A0FF90 /* Release */,
			);
			defaultConfigurationIsVisible = 0;
			defaultConfigurationName = Release;
		};
/* End XCConfigurationList section */
	};
	rootObject = 82CF003A1FD5919500A0FF90 /* Project object */;
}
